
Microsoft Visual Studio Solution File, Format Version 12.00
# Visual Studio 2012
Project("{2150E333-8FDC-42A3-9474-1A3956D46DE8}") = "Respository", "Respository", "{EB7845C4-79EE-4668-8E9A-3AC9704745ED}"
EndProject
Project("{2150E333-8FDC-42A3-9474-1A3956D46DE8}") = "Services", "Services", "{D2A5BF45-6A16-4FD6-A121-ADE017349BCD}"
EndProject
Project("{FAE04EC0-301F-11D3-BF4B-00C04F79EFBC}") = "IDALRepository", "IDALRepository\IDALRepository.csproj", "{80CF69AC-DF83-4FCA-912C-04741B41C835}"
EndProject
Project("{FAE04EC0-301F-11D3-BF4B-00C04F79EFBC}") = "IBLLService", "IBLLService\IBLLService.csproj", "{0D9533AD-DC88-4090-B43B-C73EFE7E8F81}"
EndProject
Project("{FAE04EC0-301F-11D3-BF4B-00C04F79EFBC}") = "Common", "Common\Common.csproj", "{866BB88C-223B-4FBA-AA0A-8C32426B9CD3}"
EndProject
Project("{FAE04EC0-301F-11D3-BF4B-00C04F79EFBC}") = "DALMsSqlRepository", "DALMsSqlRepository\DALMsSqlRepository.csproj", "{8B48A4EA-0C77-497F-AFBC-5CCF131FAE6B}"
EndProject
Project("{FAE04EC0-301F-11D3-BF4B-00C04F79EFBC}") = "BLLService", "BLLService\BLLService.csproj", "{2A12610C-B5B3-4F72-8A0C-09457399F8A7}"
EndProject
Project("{FAE04EC0-301F-11D3-BF4B-00C04F79EFBC}") = "DI", "DI\DI.csproj", "{11AA1363-1962-493A-AC4C-EEB2D7EAED01}"
EndProject
Project("{FAE04EC0-301F-11D3-BF4B-00C04F79EFBC}") = "MODEL", "MODEL\MODEL.csproj", "{1F39D615-FEEB-433E-872B-E818AC96D639}"
EndProject
Project("{FAE04EC0-301F-11D3-BF4B-00C04F79EFBC}") = "Language", "Language\Language.csproj", "{A7A34804-B114-40D9-A477-5C56752CE65A}"
EndProject
Project("{FAE04EC0-301F-11D3-BF4B-00C04F79EFBC}") = "ShengUI.Logic.Admin", "ShengUI.Logic.Admin\ShengUI.Logic.Admin.csproj", "{979E1B3F-FC84-407E-83AD-722032319BE7}"
EndProject
Project("{FAE04EC0-301F-11D3-BF4B-00C04F79EFBC}") = "ShengUI.Logic", "ShengUI.Logic\ShengUI.Logic.csproj", "{08BB6C61-ED9F-41B3-903C-D48AEE706F9B}"
EndProject
Project("{FAE04EC0-301F-11D3-BF4B-00C04F79EFBC}") = "ShengUI.Helper", "ShengUI.Helper\ShengUI.Helper.csproj", "{26E66901-8D8C-495B-87A4-5D9206192CF4}"
EndProject
Project("{FAE04EC0-301F-11D3-BF4B-00C04F79EFBC}") = "ShengUI", "ShengUI\ShengUI.csproj", "{25DFA71A-D6E1-48E6-B359-245A4AC4F18B}"
EndProject
Project("{FAE04EC0-301F-11D3-BF4B-00C04F79EFBC}") = "Senparc.Weixin", "Senparc.Weixin\Senparc.Weixin.csproj", "{732093F4-C335-4CF9-B7FA-827291BB2B3E}"
EndProject
Project("{FAE04EC0-301F-11D3-BF4B-00C04F79EFBC}") = "Senparc.Weixin.MP", "Senparc.Weixin.MP\Senparc.Weixin.MP.csproj", "{639C2339-6808-445A-B857-5F862274DEA1}"
EndProject
Global
	GlobalSection(SolutionConfigurationPlatforms) = preSolution
		Debug|Any CPU = Debug|Any CPU
		Release|Any CPU = Release|Any CPU
		Test|Any CPU = Test|Any CPU
	EndGlobalSection
	GlobalSection(ProjectConfigurationPlatforms) = postSolution
		{80CF69AC-DF83-4FCA-912C-04741B41C835}.Debug|Any CPU.ActiveCfg = Debug|Any CPU
		{80CF69AC-DF83-4FCA-912C-04741B41C835}.Debug|Any CPU.Build.0 = Debug|Any CPU
		{80CF69AC-DF83-4FCA-912C-04741B41C835}.Release|Any CPU.ActiveCfg = Release|Any CPU
		{80CF69AC-DF83-4FCA-912C-04741B41C835}.Release|Any CPU.Build.0 = Release|Any CPU
		{80CF69AC-DF83-4FCA-912C-04741B41C835}.Test|Any CPU.ActiveCfg = Release|Any CPU
		{80CF69AC-DF83-4FCA-912C-04741B41C835}.Test|Any CPU.Build.0 = Release|Any CPU
		{0D9533AD-DC88-4090-B43B-C73EFE7E8F81}.Debug|Any CPU.ActiveCfg = Debug|Any CPU
		{0D9533AD-DC88-4090-B43B-C73EFE7E8F81}.Debug|Any CPU.Build.0 = Debug|Any CPU
		{0D9533AD-DC88-4090-B43B-C73EFE7E8F81}.Release|Any CPU.ActiveCfg = Release|Any CPU
		{0D9533AD-DC88-4090-B43B-C73EFE7E8F81}.Release|Any CPU.Build.0 = Release|Any CPU
		{0D9533AD-DC88-4090-B43B-C73EFE7E8F81}.Test|Any CPU.ActiveCfg = Release|Any CPU
		{0D9533AD-DC88-4090-B43B-C73EFE7E8F81}.Test|Any CPU.Build.0 = Release|Any CPU
		{866BB88C-223B-4FBA-AA0A-8C32426B9CD3}.Debug|Any CPU.ActiveCfg = Debug|Any CPU
		{866BB88C-223B-4FBA-AA0A-8C32426B9CD3}.Debug|Any CPU.Build.0 = Debug|Any CPU
		{866BB88C-223B-4FBA-AA0A-8C32426B9CD3}.Release|Any CPU.ActiveCfg = Release|Any CPU
		{866BB88C-223B-4FBA-AA0A-8C32426B9CD3}.Release|Any CPU.Build.0 = Release|Any CPU
		{866BB88C-223B-4FBA-AA0A-8C32426B9CD3}.Test|Any CPU.ActiveCfg = Release|Any CPU
		{866BB88C-223B-4FBA-AA0A-8C32426B9CD3}.Test|Any CPU.Build.0 = Release|Any CPU
		{8B48A4EA-0C77-497F-AFBC-5CCF131FAE6B}.Debug|Any CPU.ActiveCfg = Debug|Any CPU
		{8B48A4EA-0C77-497F-AFBC-5CCF131FAE6B}.Debug|Any CPU.Build.0 = Debug|Any CPU
		{8B48A4EA-0C77-497F-AFBC-5CCF131FAE6B}.Release|Any CPU.ActiveCfg = Release|Any CPU
		{8B48A4EA-0C77-497F-AFBC-5CCF131FAE6B}.Release|Any CPU.Build.0 = Release|Any CPU
		{8B48A4EA-0C77-497F-AFBC-5CCF131FAE6B}.Test|Any CPU.ActiveCfg = Release|Any CPU
		{8B48A4EA-0C77-497F-AFBC-5CCF131FAE6B}.Test|Any CPU.Build.0 = Release|Any CPU
		{2A12610C-B5B3-4F72-8A0C-09457399F8A7}.Debug|Any CPU.ActiveCfg = Debug|Any CPU
		{2A12610C-B5B3-4F72-8A0C-09457399F8A7}.Debug|Any CPU.Build.0 = Debug|Any CPU
		{2A12610C-B5B3-4F72-8A0C-09457399F8A7}.Release|Any CPU.ActiveCfg = Release|Any CPU
		{2A12610C-B5B3-4F72-8A0C-09457399F8A7}.Release|Any CPU.Build.0 = Release|Any CPU
		{2A12610C-B5B3-4F72-8A0C-09457399F8A7}.Test|Any CPU.ActiveCfg = Release|Any CPU
		{2A12610C-B5B3-4F72-8A0C-09457399F8A7}.Test|Any CPU.Build.0 = Release|Any CPU
		{11AA1363-1962-493A-AC4C-EEB2D7EAED01}.Debug|Any CPU.ActiveCfg = Debug|Any CPU
		{11AA1363-1962-493A-AC4C-EEB2D7EAED01}.Debug|Any CPU.Build.0 = Debug|Any CPU
		{11AA1363-1962-493A-AC4C-EEB2D7EAED01}.Release|Any CPU.ActiveCfg = Release|Any CPU
		{11AA1363-1962-493A-AC4C-EEB2D7EAED01}.Release|Any CPU.Build.0 = Release|Any CPU
		{11AA1363-1962-493A-AC4C-EEB2D7EAED01}.Test|Any CPU.ActiveCfg = Release|Any CPU
		{11AA1363-1962-493A-AC4C-EEB2D7EAED01}.Test|Any CPU.Build.0 = Release|Any CPU
		{1F39D615-FEEB-433E-872B-E818AC96D639}.Debug|Any CPU.ActiveCfg = Debug|Any CPU
		{1F39D615-FEEB-433E-872B-E818AC96D639}.Debug|Any CPU.Build.0 = Debug|Any CPU
		{1F39D615-FEEB-433E-872B-E818AC96D639}.Release|Any CPU.ActiveCfg = Release|Any CPU
		{1F39D615-FEEB-433E-872B-E818AC96D639}.Release|Any CPU.Build.0 = Release|Any CPU
		{1F39D615-FEEB-433E-872B-E818AC96D639}.Test|Any CPU.ActiveCfg = Release|Any CPU
		{1F39D615-FEEB-433E-872B-E818AC96D639}.Test|Any CPU.Build.0 = Release|Any CPU
		{A7A34804-B114-40D9-A477-5C56752CE65A}.Debug|Any CPU.ActiveCfg = Debug|Any CPU
		{A7A34804-B114-40D9-A477-5C56752CE65A}.Debug|Any CPU.Build.0 = Debug|Any CPU
		{A7A34804-B114-40D9-A477-5C56752CE65A}.Release|Any CPU.ActiveCfg = Release|Any CPU
		{A7A34804-B114-40D9-A477-5C56752CE65A}.Release|Any CPU.Build.0 = Release|Any CPU
		{A7A34804-B114-40D9-A477-5C56752CE65A}.Test|Any CPU.ActiveCfg = Release|Any CPU
		{A7A34804-B114-40D9-A477-5C56752CE65A}.Test|Any CPU.Build.0 = Release|Any CPU
		{979E1B3F-FC84-407E-83AD-722032319BE7}.Debug|Any CPU.ActiveCfg = Debug|Any CPU
		{979E1B3F-FC84-407E-83AD-722032319BE7}.Debug|Any CPU.Build.0 = Debug|Any CPU
		{979E1B3F-FC84-407E-83AD-722032319BE7}.Release|Any CPU.ActiveCfg = Release|Any CPU
		{979E1B3F-FC84-407E-83AD-722032319BE7}.Release|Any CPU.Build.0 = Release|Any CPU
		{979E1B3F-FC84-407E-83AD-722032319BE7}.Test|Any CPU.ActiveCfg = Release|Any CPU
		{979E1B3F-FC84-407E-83AD-722032319BE7}.Test|Any CPU.Build.0 = Release|Any CPU
		{08BB6C61-ED9F-41B3-903C-D48AEE706F9B}.Debug|Any CPU.ActiveCfg = Debug|Any CPU
		{08BB6C61-ED9F-41B3-903C-D48AEE706F9B}.Debug|Any CPU.Build.0 = Debug|Any CPU
		{08BB6C61-ED9F-41B3-903C-D48AEE706F9B}.Release|Any CPU.ActiveCfg = Release|Any CPU
		{08BB6C61-ED9F-41B3-903C-D48AEE706F9B}.Release|Any CPU.Build.0 = Release|Any CPU
		{08BB6C61-ED9F-41B3-903C-D48AEE706F9B}.Test|Any CPU.ActiveCfg = Release|Any CPU
		{08BB6C61-ED9F-41B3-903C-D48AEE706F9B}.Test|Any CPU.Build.0 = Release|Any CPU
		{26E66901-8D8C-495B-87A4-5D9206192CF4}.Debug|Any CPU.ActiveCfg = Debug|Any CPU
		{26E66901-8D8C-495B-87A4-5D9206192CF4}.Debug|Any CPU.Build.0 = Debug|Any CPU
		{26E66901-8D8C-495B-87A4-5D9206192CF4}.Release|Any CPU.ActiveCfg = Release|Any CPU
		{26E66901-8D8C-495B-87A4-5D9206192CF4}.Release|Any CPU.Build.0 = Release|Any CPU
		{26E66901-8D8C-495B-87A4-5D9206192CF4}.Test|Any CPU.ActiveCfg = Release|Any CPU
		{26E66901-8D8C-495B-87A4-5D9206192CF4}.Test|Any CPU.Build.0 = Release|Any CPU
		{25DFA71A-D6E1-48E6-B359-245A4AC4F18B}.Debug|Any CPU.ActiveCfg = Debug|Any CPU
		{25DFA71A-D6E1-48E6-B359-245A4AC4F18B}.Debug|Any CPU.Build.0 = Debug|Any CPU
		{25DFA71A-D6E1-48E6-B359-245A4AC4F18B}.Release|Any CPU.ActiveCfg = Release|Any CPU
		{25DFA71A-D6E1-48E6-B359-245A4AC4F18B}.Release|Any CPU.Build.0 = Release|Any CPU
		{25DFA71A-D6E1-48E6-B359-245A4AC4F18B}.Test|Any CPU.ActiveCfg = Release|Any CPU
		{25DFA71A-D6E1-48E6-B359-245A4AC4F18B}.Test|Any CPU.Build.0 = Release|Any CPU
		{732093F4-C335-4CF9-B7FA-827291BB2B3E}.Debug|Any CPU.ActiveCfg = Debug|Any CPU
		{732093F4-C335-4CF9-B7FA-827291BB2B3E}.Debug|Any CPU.Build.0 = Debug|Any CPU
		{732093F4-C335-4CF9-B7FA-827291BB2B3E}.Release|Any CPU.ActiveCfg = Release|Any CPU
		{732093F4-C335-4CF9-B7FA-827291BB2B3E}.Release|Any CPU.Build.0 = Release|Any CPU
		{732093F4-C335-4CF9-B7FA-827291BB2B3E}.Test|Any CPU.ActiveCfg = Release|Any CPU
		{732093F4-C335-4CF9-B7FA-827291BB2B3E}.Test|Any CPU.Build.0 = Release|Any CPU
		{639C2339-6808-445A-B857-5F862274DEA1}.Debug|Any CPU.ActiveCfg = Debug|Any CPU
		{639C2339-6808-445A-B857-5F862274DEA1}.Debug|Any CPU.Build.0 = Debug|Any CPU
		{639C2339-6808-445A-B857-5F862274DEA1}.Release|Any CPU.ActiveCfg = Release|Any CPU
		{639C2339-6808-445A-B857-5F862274DEA1}.Release|Any CPU.Build.0 = Release|Any CPU
		{639C2339-6808-445A-B857-5F862274DEA1}.Test|Any CPU.ActiveCfg = Release|Any CPU
		{639C2339-6808-445A-B857-5F862274DEA1}.Test|Any CPU.Build.0 = Release|Any CPU
	EndGlobalSection
	GlobalSection(SolutionProperties) = preSolution
		HideSolutionNode = FALSE
	EndGlobalSection
	GlobalSection(NestedProjects) = preSolution
		{80CF69AC-DF83-4FCA-912C-04741B41C835} = {EB7845C4-79EE-4668-8E9A-3AC9704745ED}
		{8B48A4EA-0C77-497F-AFBC-5CCF131FAE6B} = {EB7845C4-79EE-4668-8E9A-3AC9704745ED}
		{0D9533AD-DC88-4090-B43B-C73EFE7E8F81} = {D2A5BF45-6A16-4FD6-A121-ADE017349BCD}
		{2A12610C-B5B3-4F72-8A0C-09457399F8A7} = {D2A5BF45-6A16-4FD6-A121-ADE017349BCD}
	EndGlobalSection
EndGlobal
